
Microsoft Visual Studio Solution File, Format Version 12.00
Project("{2150E333-8FDC-42A3-9474-1A3956D46DE8}") = "tests", "tests", "{3A75FAD4-0E92-4D1A-8873-E435EAE4C087}"
EndProject
Project("{2150E333-8FDC-42A3-9474-1A3956D46DE8}") = "src", "src", "{BA46A7CD-60FE-43F7-81BD-58E394353029}"
EndProject
Project("{FAE04EC0-301F-11D3-BF4B-00C04F79EFBC}") = "Pipeline", "src\Pipeline\Pipeline.csproj", "{0CC5A50F-E695-4B79-BA01-4B731E99FBF2}"
EndProject
Project("{FAE04EC0-301F-11D3-BF4B-00C04F79EFBC}") = "PipelineTests", "tests\PipelineTests\PipelineTests.csproj", "{9BEFE0E9-5216-45B7-8367-467895585181}"
EndProject
Global
	GlobalSection(SolutionConfigurationPlatforms) = preSolution
		Debug|Any CPU = Debug|Any CPU
		Release|Any CPU = Release|Any CPU
	EndGlobalSection
	GlobalSection(ProjectConfigurationPlatforms) = postSolution
		{0CC5A50F-E695-4B79-BA01-4B731E99FBF2}.Debug|Any CPU.ActiveCfg = Debug|Any CPU
		{0CC5A50F-E695-4B79-BA01-4B731E99FBF2}.Debug|Any CPU.Build.0 = Debug|Any CPU
		{0CC5A50F-E695-4B79-BA01-4B731E99FBF2}.Release|Any CPU.ActiveCfg = Release|Any CPU
		{0CC5A50F-E695-4B79-BA01-4B731E99FBF2}.Release|Any CPU.Build.0 = Release|Any CPU
		{9BEFE0E9-5216-45B7-8367-467895585181}.Debug|Any CPU.ActiveCfg = Debug|Any CPU
		{9BEFE0E9-5216-45B7-8367-467895585181}.Debug|Any CPU.Build.0 = Debug|Any CPU
		{9BEFE0E9-5216-45B7-8367-467895585181}.Release|Any CPU.ActiveCfg = Release|Any CPU
		{9BEFE0E9-5216-45B7-8367-467895585181}.Release|Any CPU.Build.0 = Release|Any CPU
	EndGlobalSection
	GlobalSection(NestedProjects) = preSolution
		{0CC5A50F-E695-4B79-BA01-4B731E99FBF2} = {BA46A7CD-60FE-43F7-81BD-58E394353029}
		{9BEFE0E9-5216-45B7-8367-467895585181} = {3A75FAD4-0E92-4D1A-8873-E435EAE4C087}
	EndGlobalSection
EndGlobal
